
Microsoft Visual Studio Solution File, Format Version 12.00
# Visual Studio 2012
Project("{F088123C-0E9E-452A-89E6-6BA2F21D5CAC}") = "2015.7.14_UML_Learning_eg_class_time", "2015.7.14_UML_Learning_eg_class_time\2015.7.14_UML_Learning_eg_class_time.modelproj", "{C1A43613-78FA-4B4A-84EF-CBF3011EDB69}"
EndProject
Global
	GlobalSection(SolutionConfigurationPlatforms) = preSolution
		Debug|Any CPU = Debug|Any CPU
		Release|Any CPU = Release|Any CPU
	EndGlobalSection
	GlobalSection(ProjectConfigurationPlatforms) = postSolution
		{C1A43613-78FA-4B4A-84EF-CBF3011EDB69}.Debug|Any CPU.ActiveCfg = Debug|Any CPU
		{C1A43613-78FA-4B4A-84EF-CBF3011EDB69}.Debug|Any CPU.Build.0 = Debug|Any CPU
		{C1A43613-78FA-4B4A-84EF-CBF3011EDB69}.Release|Any CPU.ActiveCfg = Release|Any CPU
		{C1A43613-78FA-4B4A-84EF-CBF3011EDB69}.Release|Any CPU.Build.0 = Release|Any CPU
	EndGlobalSection
	GlobalSection(SolutionProperties) = preSolution
		HideSolutionNode = FALSE
	EndGlobalSection
EndGlobal
