
Microsoft Visual Studio Solution File, Format Version 12.00
# Visual Studio 2012
Project("{F088123C-0E9E-452A-89E6-6BA2F21D5CAC}") = "2015.7.15C++practice_textbook_11.5_diagram", "2015.7.15C++practice_textbook_11.5_diagram\2015.7.15C++practice_textbook_11.5_diagram.modelproj", "{9A588BA1-98F0-44A4-AD0E-EB5F717D52C8}"
EndProject
Global
	GlobalSection(SolutionConfigurationPlatforms) = preSolution
		Debug|Any CPU = Debug|Any CPU
		Release|Any CPU = Release|Any CPU
	EndGlobalSection
	GlobalSection(ProjectConfigurationPlatforms) = postSolution
		{9A588BA1-98F0-44A4-AD0E-EB5F717D52C8}.Debug|Any CPU.ActiveCfg = Debug|Any CPU
		{9A588BA1-98F0-44A4-AD0E-EB5F717D52C8}.Debug|Any CPU.Build.0 = Debug|Any CPU
		{9A588BA1-98F0-44A4-AD0E-EB5F717D52C8}.Release|Any CPU.ActiveCfg = Release|Any CPU
		{9A588BA1-98F0-44A4-AD0E-EB5F717D52C8}.Release|Any CPU.Build.0 = Release|Any CPU
	EndGlobalSection
	GlobalSection(SolutionProperties) = preSolution
		HideSolutionNode = FALSE
	EndGlobalSection
EndGlobal
