
Microsoft Visual Studio Solution File, Format Version 12.00
# Visual Studio 2012
Project("{F088123C-0E9E-452A-89E6-6BA2F21D5CAC}") = "2015.7.15_eg_class_diagram_of_Data", "ModelingProject2\2015.7.15_eg_class_diagram_of_Data.modelproj", "{5FFDADA1-0582-4C60-AB42-1FC299610D88}"
EndProject
Global
	GlobalSection(SolutionConfigurationPlatforms) = preSolution
		Debug|Any CPU = Debug|Any CPU
		Release|Any CPU = Release|Any CPU
	EndGlobalSection
	GlobalSection(ProjectConfigurationPlatforms) = postSolution
		{5FFDADA1-0582-4C60-AB42-1FC299610D88}.Debug|Any CPU.ActiveCfg = Debug|Any CPU
		{5FFDADA1-0582-4C60-AB42-1FC299610D88}.Debug|Any CPU.Build.0 = Debug|Any CPU
		{5FFDADA1-0582-4C60-AB42-1FC299610D88}.Release|Any CPU.ActiveCfg = Release|Any CPU
		{5FFDADA1-0582-4C60-AB42-1FC299610D88}.Release|Any CPU.Build.0 = Release|Any CPU
	EndGlobalSection
	GlobalSection(SolutionProperties) = preSolution
		HideSolutionNode = FALSE
	EndGlobalSection
EndGlobal
