
Microsoft Visual Studio Solution File, Format Version 12.00
# Visual Studio 2012
Project("{8BC9CEB8-8B4A-11D0-8D11-00A0C91BC942}") = "2015.7.27.4", "2015.7.27.4\2015.7.27.4.vcxproj", "{222B2F7C-FA75-4C35-9306-6B3FF25E712B}"
EndProject
Global
	GlobalSection(SolutionConfigurationPlatforms) = preSolution
		Debug|Win32 = Debug|Win32
		Release|Win32 = Release|Win32
	EndGlobalSection
	GlobalSection(ProjectConfigurationPlatforms) = postSolution
		{222B2F7C-FA75-4C35-9306-6B3FF25E712B}.Debug|Win32.ActiveCfg = Debug|Win32
		{222B2F7C-FA75-4C35-9306-6B3FF25E712B}.Debug|Win32.Build.0 = Debug|Win32
		{222B2F7C-FA75-4C35-9306-6B3FF25E712B}.Release|Win32.ActiveCfg = Release|Win32
		{222B2F7C-FA75-4C35-9306-6B3FF25E712B}.Release|Win32.Build.0 = Release|Win32
	EndGlobalSection
	GlobalSection(SolutionProperties) = preSolution
		HideSolutionNode = FALSE
	EndGlobalSection
EndGlobal
